
Microsoft Visual Studio Solution File, Format Version 12.00
# Visual Studio 2012
VisualStudioVersion = 12.0.31101.0
MinimumVisualStudioVersion = 10.0.40219.1
Project("{FAE04EC0-301F-11D3-BF4B-00C04F79EFBC}") = "StrongholdKingdoms", "StrongholdKingdoms\StrongholdKingdoms.csproj", "{E4588E71-1570-4B90-9359-AF8129717AB5}"
EndProject
Project("{FAE04EC0-301F-11D3-BF4B-00C04F79EFBC}") = "StrongholdKingdoms Launcher", "StrongholdKingdoms Launcher\StrongholdKingdoms Launcher.csproj", "{25EC62C7-0674-4E53-8440-F0F76657350E}"
EndProject
Project("{FAE04EC0-301F-11D3-BF4B-00C04F79EFBC}") = "Stronghold.WebService", "Stronghold.WebService\Stronghold.WebService.csproj", "{4EDA871A-6EBF-46AC-AB95-1ACFDE99E334}"
EndProject
Global
	GlobalSection(SolutionConfigurationPlatforms) = preSolution
		Debug|x86 = Debug|x86
		Release|x86 = Release|x86
	EndGlobalSection
	GlobalSection(ProjectConfigurationPlatforms) = postSolution
		{25EC62C7-0674-4E53-8440-F0F76657350E}.Debug|x86.ActiveCfg = Debug|x86
		{25EC62C7-0674-4E53-8440-F0F76657350E}.Debug|x86.Build.0 = Debug|x86
		{25EC62C7-0674-4E53-8440-F0F76657350E}.Release|x86.ActiveCfg = Release|x86
		{25EC62C7-0674-4E53-8440-F0F76657350E}.Release|x86.Build.0 = Release|x86
		{4EDA871A-6EBF-46AC-AB95-1ACFDE99E334}.Debug|x86.ActiveCfg = Debug|x86
		{4EDA871A-6EBF-46AC-AB95-1ACFDE99E334}.Debug|x86.Build.0 = Debug|x86
		{4EDA871A-6EBF-46AC-AB95-1ACFDE99E334}.Release|x86.ActiveCfg = Release|x86
		{4EDA871A-6EBF-46AC-AB95-1ACFDE99E334}.Release|x86.Build.0 = Release|x86
		{E4588E71-1570-4B90-9359-AF8129717AB5}.Debug|x86.ActiveCfg = Debug|x86
		{E4588E71-1570-4B90-9359-AF8129717AB5}.Debug|x86.Build.0 = Debug|x86
		{E4588E71-1570-4B90-9359-AF8129717AB5}.Release|x86.ActiveCfg = Release|x86
		{E4588E71-1570-4B90-9359-AF8129717AB5}.Release|x86.Build.0 = Release|x86
	EndGlobalSection
	GlobalSection(SolutionProperties) = preSolution
		HideSolutionNode = FALSE
	EndGlobalSection
EndGlobal
